
Microsoft Visual Studio Solution File, Format Version 12.00
# Visual Studio Version 16
VisualStudioVersion = 16.0.30611.23
MinimumVisualStudioVersion = 10.0.40219.1
Project("{FAE04EC0-301F-11D3-BF4B-00C04F79EFBC}") = "DownloadProject", "DownloadHTML\DownloadProject.csproj", "{BD803428-430D-41C7-A579-0D13EFCD0769}"
EndProject
Global
	GlobalSection(SolutionConfigurationPlatforms) = preSolution
		Debug|Any CPU = Debug|Any CPU
		Release|Any CPU = Release|Any CPU
	EndGlobalSection
	GlobalSection(ProjectConfigurationPlatforms) = postSolution
		{BD803428-430D-41C7-A579-0D13EFCD0769}.Debug|Any CPU.ActiveCfg = Debug|Any CPU
		{BD803428-430D-41C7-A579-0D13EFCD0769}.Debug|Any CPU.Build.0 = Debug|Any CPU
		{BD803428-430D-41C7-A579-0D13EFCD0769}.Release|Any CPU.ActiveCfg = Release|Any CPU
		{BD803428-430D-41C7-A579-0D13EFCD0769}.Release|Any CPU.Build.0 = Release|Any CPU
	EndGlobalSection
	GlobalSection(SolutionProperties) = preSolution
		HideSolutionNode = FALSE
	EndGlobalSection
	GlobalSection(ExtensibilityGlobals) = postSolution
		SolutionGuid = {9BD66A95-F06A-4941-A43B-C51F76A382B3}
	EndGlobalSection
EndGlobal
